PODS:
  - RxCocoa (4.2.0):
    - RxSwift (~> 4.0)
  - RxSwift (4.2.0)
  - RxTheme (1.0.1):
    - RxCocoa (~> 4.0)
    - RxSwift (~> 4.0)

DEPENDENCIES:
  - RxTheme (from `../`)

SPEC REPOS:
  https://github.com/cocoapods/specs.git:
    - RxCocoa
    - RxSwift

EXTERNAL SOURCES:
  RxTheme:
    :path: "../"

SPEC CHECKSUMS:
  RxCocoa: 0b54909c902e1e581212a03e690bbd94032d8baa
  RxSwift: 99e10317ddfcc7fbe01356aafd118fde4a0be104
  RxTheme: 80049359a3a5fc6c9c856bcc704ee4828be1f9cc

PODFILE CHECKSUM: 14f78d9306c7d218e50d7b8eadc0d4b74342bb16

COCOAPODS: 1.5.3
