PODS:
  - RxCocoa (4.3.1):
    - RxSwift (~> 4.0)
  - RxSwift (4.3.1)
  - RxTheme (2.2.0):
    - RxCocoa (~> 4.3)
    - RxSwift (~> 4.3)

DEPENDENCIES:
  - RxTheme (from `../`)

SPEC REPOS:
  https://github.com/cocoapods/specs.git:
    - RxCocoa
    - RxSwift

EXTERNAL SOURCES:
  RxTheme:
    :path: "../"

SPEC CHECKSUMS:
  RxCocoa: 78763c7b07d02455598d9fc3c1ad091a28b73635
  RxSwift: fe0fd770a43acdb7d0a53da411c9b892e69bb6e4
  RxTheme: d990bab64f1d7756792c4313a3c5f416d426f733

PODFILE CHECKSUM: 14f78d9306c7d218e50d7b8eadc0d4b74342bb16

COCOAPODS: 1.5.3
